
Microsoft Visual Studio Solution File, Format Version 12.00
# Visual Studio Version 17
VisualStudioVersion = 17.0.31903.59
MinimumVisualStudioVersion = 10.0.40219.1
Project("{FAE04EC0-301F-11D3-BF4B-00C04F79EFBC}") = "Chronicles", "Chronicles.csproj", "{9EC0823F-21C7-4189-A57E-CA83D7066B86}"
EndProject
Project("{2150E333-8FDC-42A3-9474-1A3956D46DE8}") = "repo-files", "repo-files", "{5E0810E9-8AE8-4DDD-B986-5BC030CACFFE}"
	ProjectSection(SolutionItems) = preProject
		.gitignore = .gitignore
		COPYING = COPYING
		README.md = README.md
	EndProjectSection
EndProject
Project("{2150E333-8FDC-42A3-9474-1A3956D46DE8}") = "targets", "targets", "{811FE5B7-A74C-4D88-9551-53BEF4DDB933}"
	ProjectSection(SolutionItems) = preProject
		dotnet.targets = dotnet.targets
	EndProjectSection
EndProject
Global
	GlobalSection(SolutionConfigurationPlatforms) = preSolution
		Debug|Any CPU = Debug|Any CPU
		Release|Any CPU = Release|Any CPU
	EndGlobalSection
	GlobalSection(SolutionProperties) = preSolution
		HideSolutionNode = FALSE
	EndGlobalSection
	GlobalSection(ProjectConfigurationPlatforms) = postSolution
		{9EC0823F-21C7-4189-A57E-CA83D7066B86}.Debug|Any CPU.ActiveCfg = Debug|Any CPU
		{9EC0823F-21C7-4189-A57E-CA83D7066B86}.Debug|Any CPU.Build.0 = Debug|Any CPU
		{9EC0823F-21C7-4189-A57E-CA83D7066B86}.Release|Any CPU.ActiveCfg = Release|Any CPU
		{9EC0823F-21C7-4189-A57E-CA83D7066B86}.Release|Any CPU.Build.0 = Release|Any CPU
	EndGlobalSection
EndGlobal
